
Microsoft Visual Studio Solution File, Format Version 12.00
# Visual Studio 15
VisualStudioVersion = 15.0.28010.2041
MinimumVisualStudioVersion = 10.0.40219.1
Project("{FAE04EC0-301F-11D3-BF4B-00C04F79EFBC}") = "CXCConsultant", "CXCConsultant\CXCConsultant.csproj", "{494D5634-9B85-4004-A1F0-A4468C15EDD8}"
EndProject
Global
	GlobalSection(SolutionConfigurationPlatforms) = preSolution
		Debug|Any CPU = Debug|Any CPU
		Release|Any CPU = Release|Any CPU
	EndGlobalSection
	GlobalSection(ProjectConfigurationPlatforms) = postSolution
		{494D5634-9B85-4004-A1F0-A4468C15EDD8}.Debug|Any CPU.ActiveCfg = Debug|Any CPU
		{494D5634-9B85-4004-A1F0-A4468C15EDD8}.Debug|Any CPU.Build.0 = Debug|Any CPU
		{494D5634-9B85-4004-A1F0-A4468C15EDD8}.Release|Any CPU.ActiveCfg = Release|Any CPU
		{494D5634-9B85-4004-A1F0-A4468C15EDD8}.Release|Any CPU.Build.0 = Release|Any CPU
	EndGlobalSection
	GlobalSection(SolutionProperties) = preSolution
		HideSolutionNode = FALSE
	EndGlobalSection
	GlobalSection(ExtensibilityGlobals) = postSolution
		SolutionGuid = {E061016A-26CA-4C5C-9593-CD7C088960EA}
	EndGlobalSection
EndGlobal
